// !$*UTF8*$!
{
	archiveVersion = 1;
	classes = {
	};
	objectVersion = 46;
	objects = {

/* Begin PBXBuildFile section */
		4B0CB2641B18F52A00456D94 /* DesignableViews.swift in Sources */ = {isa = PBXBuildFile; fileRef = 4B0CB2631B18F52A00456D94 /* DesignableViews.swift */; };
		4B3CB0701B0511FC00F961B3 /* AppDelegate.swift in Sources */ = {isa = PBXBuildFile; fileRef = 4B3CB06F1B0511FC00F961B3 /* AppDelegate.swift */; };
		4B3CB0731B0511FC00F961B3 /* MiniChallenge03.xcdatamodeld in Sources */ = {isa = PBXBuildFile; fileRef = 4B3CB0711B0511FC00F961B3 /* MiniChallenge03.xcdatamodeld */; };
		4B3CB07A1B0511FC00F961B3 /* Images.xcassets in Resources */ = {isa = PBXBuildFile; fileRef = 4B3CB0791B0511FC00F961B3 /* Images.xcassets */; };
		4B3CB07D1B0511FC00F961B3 /* LaunchScreen.xib in Resources */ = {isa = PBXBuildFile; fileRef = 4B3CB07B1B0511FC00F961B3 /* LaunchScreen.xib */; };
		4B3CB0891B0511FC00F961B3 /* MiniChallenge03Tests.swift in Sources */ = {isa = PBXBuildFile; fileRef = 4B3CB0881B0511FC00F961B3 /* MiniChallenge03Tests.swift */; };
		4B6B28651CB44363009F4A3A /* Main.storyboard in Resources */ = {isa = PBXBuildFile; fileRef = 4B6B28641CB44363009F4A3A /* Main.storyboard */; };
		4BD4AC991B1399B6001FF646 /* Localizable.strings in Resources */ = {isa = PBXBuildFile; fileRef = 4BD4AC9B1B1399B6001FF646 /* Localizable.strings */; };
		6E9FF6251B14EB1100997649 /* Card.swift in Sources */ = {isa = PBXBuildFile; fileRef = 6E9FF6241B14EB1100997649 /* Card.swift */; };
		6EBAB1CB1B178B4B007087AF /* CalculadoraViewController.swift in Sources */ = {isa = PBXBuildFile; fileRef = 6EBAB1CA1B178B4B007087AF /* CalculadoraViewController.swift */; };
		6EBBA5671B0E77B000357E93 /* ExposedLayout.swift in Sources */ = {isa = PBXBuildFile; fileRef = 6EBBA5661B0E77B000357E93 /* ExposedLayout.swift */; };
		6EBBA5691B0E781B00357E93 /* StackedLayout.swift in Sources */ = {isa = PBXBuildFile; fileRef = 6EBBA5681B0E781B00357E93 /* StackedLayout.swift */; };
		6EBBA56B1B0E784700357E93 /* CartaoController.swift in Sources */ = {isa = PBXBuildFile; fileRef = 6EBBA56A1B0E784700357E93 /* CartaoController.swift */; };
		940F5C7F1CB6D65C00D1DB8C /* tabela.json in Resources */ = {isa = PBXBuildFile; fileRef = 940F5C7B1CB6D65C00D1DB8C /* tabela.json */; };
		940F5C801CB6D65C00D1DB8C /* integrais.json in Resources */ = {isa = PBXBuildFile; fileRef = 940F5C7C1CB6D65C00D1DB8C /* integrais.json */; };
		940F5C811CB6D65C00D1DB8C /* derivada.json in Resources */ = {isa = PBXBuildFile; fileRef = 940F5C7D1CB6D65C00D1DB8C /* derivada.json */; };
		940F5C821CB6D65C00D1DB8C /* limites.json in Resources */ = {isa = PBXBuildFile; fileRef = 940F5C7E1CB6D65C00D1DB8C /* limites.json */; };
		9481ECB61CB59AF900AD08B1 /* JsonManager.swift in Sources */ = {isa = PBXBuildFile; fileRef = 9481ECB51CB59AF900AD08B1 /* JsonManager.swift */; };
		9481ECB81CB5A4CB00AD08B1 /* CardCollectionViewCell.swift in Sources */ = {isa = PBXBuildFile; fileRef = 9481ECB71CB5A4CB00AD08B1 /* CardCollectionViewCell.swift */; };
		94F874841CB594EE000304ED /* Materias.json in Resources */ = {isa = PBXBuildFile; fileRef = 94F874821CB594EE000304ED /* Materias.json */; };
		94F874851CB594EE000304ED /* precalculo.json in Resources */ = {isa = PBXBuildFile; fileRef = 94F874831CB594EE000304ED /* precalculo.json */; };
		E6A1DB131B0D079C00A99CC0 /* MenuCollectionView2.swift in Sources */ = {isa = PBXBuildFile; fileRef = E6A1DB121B0D079C00A99CC0 /* MenuCollectionView2.swift */; };
		E6A1DB151B0D0A9900A99CC0 /* ParallaxViewCell.swift in Sources */ = {isa = PBXBuildFile; fileRef = E6A1DB141B0D0A9900A99CC0 /* ParallaxViewCell.swift */; };
		E6AF6DA71B0E58A2002AC7DC /* headerReusableView.swift in Sources */ = {isa = PBXBuildFile; fileRef = E6AF6DA61B0E58A2002AC7DC /* headerReusableView.swift */; };
/* End PBXBuildFile section */

/* Begin PBXContainerItemProxy section */
		4B3CB0831B0511FC00F961B3 /* PBXContainerItemProxy */ = {
			isa = PBXContainerItemProxy;
			containerPortal = 4B3CB0621B0511FC00F961B3 /* Project object */;
			proxyType = 1;
			remoteGlobalIDString = 4B3CB0691B0511FC00F961B3;
			remoteInfo = MiniChallenge03;
		};
/* End PBXContainerItemProxy section */

/* Begin PBXFileReference section */
		4B0CB2631B18F52A00456D94 /* DesignableViews.swift */ = {isa = PBXFileReference; fileEncoding = 4; lastKnownFileType = sourcecode.swift; path = DesignableViews.swift; sourceTree = "<group>"; };
		4B3CB06A1B0511FC00F961B3 /* MiniChallenge03.app */ = {isa = PBXFileReference; explicitFileType = wrapper.application; includeInIndex = 0; path = MiniChallenge03.app; sourceTree = BUILT_PRODUCTS_DIR; };
		4B3CB06E1B0511FC00F961B3 /* Info.plist */ = {isa = PBXFileReference; lastKnownFileType = text.plist.xml; path = Info.plist; sourceTree = "<group>"; };
		4B3CB06F1B0511FC00F961B3 /* AppDelegate.swift */ = {isa = PBXFileReference; lastKnownFileType = sourcecode.swift; path = AppDelegate.swift; sourceTree = "<group>"; };
		4B3CB0721B0511FC00F961B3 /* MiniChallenge03.xcdatamodel */ = {isa = PBXFileReference; lastKnownFileType = wrapper.xcdatamodel; path = MiniChallenge03.xcdatamodel; sourceTree = "<group>"; };
		4B3CB0791B0511FC00F961B3 /* Images.xcassets */ = {isa = PBXFileReference; lastKnownFileType = folder.assetcatalog; path = Images.xcassets; sourceTree = "<group>"; };
		4B3CB07C1B0511FC00F961B3 /* Base */ = {isa = PBXFileReference; lastKnownFileType = file.xib; name = Base; path = Base.lproj/LaunchScreen.xib; sourceTree = "<group>"; };
		4B3CB0821B0511FC00F961B3 /* MiniChallenge03Tests.xctest */ = {isa = PBXFileReference; explicitFileType = wrapper.cfbundle; includeInIndex = 0; path = MiniChallenge03Tests.xctest; sourceTree = BUILT_PRODUCTS_DIR; };
		4B3CB0871B0511FC00F961B3 /* Info.plist */ = {isa = PBXFileReference; lastKnownFileType = text.plist.xml; path = Info.plist; sourceTree = "<group>"; };
		4B3CB0881B0511FC00F961B3 /* MiniChallenge03Tests.swift */ = {isa = PBXFileReference; lastKnownFileType = sourcecode.swift; path = MiniChallenge03Tests.swift; sourceTree = "<group>"; };
		4B6B28641CB44363009F4A3A /* Main.storyboard */ = {isa = PBXFileReference; fileEncoding = 4; lastKnownFileType = file.storyboard; name = Main.storyboard; path = MiniChallenge03/Main.storyboard; sourceTree = SOURCE_ROOT; };
		4BD4AC981B1399AC001FF646 /* pt */ = {isa = PBXFileReference; lastKnownFileType = text.plist.strings; name = pt; path = pt.lproj/LaunchScreen.strings; sourceTree = "<group>"; };
		4BD4AC9A1B1399B6001FF646 /* pt */ = {isa = PBXFileReference; lastKnownFileType = text.plist.strings; name = pt; path = pt.lproj/Localizable.strings; sourceTree = "<group>"; };
		4BD4AC9C1B1399BA001FF646 /* en */ = {isa = PBXFileReference; lastKnownFileType = text.plist.strings; name = en; path = en.lproj/Localizable.strings; sourceTree = "<group>"; };
		6E9FF6241B14EB1100997649 /* Card.swift */ = {isa = PBXFileReference; fileEncoding = 4; lastKnownFileType = sourcecode.swift; path = Card.swift; sourceTree = "<group>"; };
		6EBAB1CA1B178B4B007087AF /* CalculadoraViewController.swift */ = {isa = PBXFileReference; fileEncoding = 4; lastKnownFileType = sourcecode.swift; name = CalculadoraViewController.swift; path = ../CalculadoraViewController.swift; sourceTree = "<group>"; };
		6EBBA5661B0E77B000357E93 /* ExposedLayout.swift */ = {isa = PBXFileReference; fileEncoding = 4; lastKnownFileType = sourcecode.swift; path = ExposedLayout.swift; sourceTree = "<group>"; };
		6EBBA5681B0E781B00357E93 /* StackedLayout.swift */ = {isa = PBXFileReference; fileEncoding = 4; lastKnownFileType = sourcecode.swift; path = StackedLayout.swift; sourceTree = "<group>"; };
		6EBBA56A1B0E784700357E93 /* CartaoController.swift */ = {isa = PBXFileReference; fileEncoding = 4; lastKnownFileType = sourcecode.swift; path = CartaoController.swift; sourceTree = "<group>"; };
		940F5C7B1CB6D65C00D1DB8C /* tabela.json */ = {isa = PBXFileReference; fileEncoding = 4; lastKnownFileType = text.json; path = tabela.json; sourceTree = "<group>"; };
		940F5C7C1CB6D65C00D1DB8C /* integrais.json */ = {isa = PBXFileReference; fileEncoding = 4; lastKnownFileType = text.json; path = integrais.json; sourceTree = "<group>"; };
		940F5C7D1CB6D65C00D1DB8C /* derivada.json */ = {isa = PBXFileReference; fileEncoding = 4; lastKnownFileType = text.json; path = derivada.json; sourceTree = "<group>"; };
		940F5C7E1CB6D65C00D1DB8C /* limites.json */ = {isa = PBXFileReference; fileEncoding = 4; lastKnownFileType = text.json; path = limites.json; sourceTree = "<group>"; };
		9481ECB51CB59AF900AD08B1 /* JsonManager.swift */ = {isa = PBXFileReference; fileEncoding = 4; lastKnownFileType = sourcecode.swift; path = JsonManager.swift; sourceTree = "<group>"; };
		9481ECB71CB5A4CB00AD08B1 /* CardCollectionViewCell.swift */ = {isa = PBXFileReference; fileEncoding = 4; lastKnownFileType = sourcecode.swift; path = CardCollectionViewCell.swift; sourceTree = "<group>"; };
		94F874821CB594EE000304ED /* Materias.json */ = {isa = PBXFileReference; fileEncoding = 4; lastKnownFileType = text.json; path = Materias.json; sourceTree = "<group>"; };
		94F874831CB594EE000304ED /* precalculo.json */ = {isa = PBXFileReference; fileEncoding = 4; lastKnownFileType = text.json; path = precalculo.json; sourceTree = "<group>"; };
		E6A1DB121B0D079C00A99CC0 /* MenuCollectionView2.swift */ = {isa = PBXFileReference; fileEncoding = 4; lastKnownFileType = sourcecode.swift; path = MenuCollectionView2.swift; sourceTree = "<group>"; };
		E6A1DB141B0D0A9900A99CC0 /* ParallaxViewCell.swift */ = {isa = PBXFileReference; fileEncoding = 4; lastKnownFileType = sourcecode.swift; path = ParallaxViewCell.swift; sourceTree = "<group>"; };
		E6AF6DA61B0E58A2002AC7DC /* headerReusableView.swift */ = {isa = PBXFileReference; fileEncoding = 4; lastKnownFileType = sourcecode.swift; path = headerReusableView.swift; sourceTree = "<group>"; };
/* End PBXFileReference section */

/* Begin PBXFrameworksBuildPhase section */
		4B3CB0671B0511FC00F961B3 /* Frameworks */ = {
			isa = PBXFrameworksBuildPhase;
			buildActionMask = 2147483647;
			files = (
			);
			runOnlyForDeploymentPostprocessing = 0;
		};
		4B3CB07F1B0511FC00F961B3 /* Frameworks */ = {
			isa = PBXFrameworksBuildPhase;
			buildActionMask = 2147483647;
			files = (
			);
			runOnlyForDeploymentPostprocessing = 0;
		};
/* End PBXFrameworksBuildPhase section */

/* Begin PBXGroup section */
		4B3CB0611B0511FC00F961B3 = {
			isa = PBXGroup;
			children = (
				4B3CB06C1B0511FC00F961B3 /* MiniChallenge03 */,
				4B3CB0851B0511FC00F961B3 /* MiniChallenge03Tests */,
				4B3CB06B1B0511FC00F961B3 /* Products */,
			);
			sourceTree = "<group>";
		};
		4B3CB06B1B0511FC00F961B3 /* Products */ = {
			isa = PBXGroup;
			children = (
				4B3CB06A1B0511FC00F961B3 /* MiniChallenge03.app */,
				4B3CB0821B0511FC00F961B3 /* MiniChallenge03Tests.xctest */,
			);
			name = Products;
			sourceTree = "<group>";
		};
		4B3CB06C1B0511FC00F961B3 /* MiniChallenge03 */ = {
			isa = PBXGroup;
			children = (
				940F5C791CB6D59F00D1DB8C /* Controllers */,
				94F874861CB594F3000304ED /* jsons */,
				6EBBA5651B0E76F200357E93 /* CardsView */,
				4B3CB06F1B0511FC00F961B3 /* AppDelegate.swift */,
				4B0CB2631B18F52A00456D94 /* DesignableViews.swift */,
				4B6B28641CB44363009F4A3A /* Main.storyboard */,
				4B3CB0791B0511FC00F961B3 /* Images.xcassets */,
				4B3CB07B1B0511FC00F961B3 /* LaunchScreen.xib */,
				4B3CB0711B0511FC00F961B3 /* MiniChallenge03.xcdatamodeld */,
				4B3CB06D1B0511FC00F961B3 /* Supporting Files */,
				4BD4AC9B1B1399B6001FF646 /* Localizable.strings */,
			);
			path = MiniChallenge03;
			sourceTree = "<group>";
		};
		4B3CB06D1B0511FC00F961B3 /* Supporting Files */ = {
			isa = PBXGroup;
			children = (
				E6AF6DA61B0E58A2002AC7DC /* headerReusableView.swift */,
				4B3CB06E1B0511FC00F961B3 /* Info.plist */,
			);
			name = "Supporting Files";
			sourceTree = "<group>";
		};
		4B3CB0851B0511FC00F961B3 /* MiniChallenge03Tests */ = {
			isa = PBXGroup;
			children = (
				4B3CB0881B0511FC00F961B3 /* MiniChallenge03Tests.swift */,
				4B3CB0861B0511FC00F961B3 /* Supporting Files */,
			);
			path = MiniChallenge03Tests;
			sourceTree = "<group>";
		};
		4B3CB0861B0511FC00F961B3 /* Supporting Files */ = {
			isa = PBXGroup;
			children = (
				4B3CB0871B0511FC00F961B3 /* Info.plist */,
			);
			name = "Supporting Files";
			sourceTree = "<group>";
		};
		6EBBA5651B0E76F200357E93 /* CardsView */ = {
			isa = PBXGroup;
			children = (
				6EBBA5661B0E77B000357E93 /* ExposedLayout.swift */,
				6EBBA5681B0E781B00357E93 /* StackedLayout.swift */,
				6E9FF6241B14EB1100997649 /* Card.swift */,
			);
			name = CardsView;
			sourceTree = "<group>";
		};
		940F5C791CB6D59F00D1DB8C /* Controllers */ = {
			isa = PBXGroup;
			children = (
				940F5C7A1CB6D5D700D1DB8C /* Cells */,
				E6A1DB121B0D079C00A99CC0 /* MenuCollectionView2.swift */,
				6EBBA56A1B0E784700357E93 /* CartaoController.swift */,
				6EBAB1CA1B178B4B007087AF /* CalculadoraViewController.swift */,
			);
			name = Controllers;
			sourceTree = "<group>";
		};
		940F5C7A1CB6D5D700D1DB8C /* Cells */ = {
			isa = PBXGroup;
			children = (
				9481ECB71CB5A4CB00AD08B1 /* CardCollectionViewCell.swift */,
				E6A1DB141B0D0A9900A99CC0 /* ParallaxViewCell.swift */,
			);
			name = Cells;
			sourceTree = "<group>";
		};
		94F874861CB594F3000304ED /* jsons */ = {
			isa = PBXGroup;
			children = (
				94F874821CB594EE000304ED /* Materias.json */,
				94F874831CB594EE000304ED /* precalculo.json */,
				940F5C7B1CB6D65C00D1DB8C /* tabela.json */,
				940F5C7C1CB6D65C00D1DB8C /* integrais.json */,
				940F5C7D1CB6D65C00D1DB8C /* derivada.json */,
				940F5C7E1CB6D65C00D1DB8C /* limites.json */,
				9481ECB51CB59AF900AD08B1 /* JsonManager.swift */,
			);
			name = jsons;
			sourceTree = "<group>";
		};
/* End PBXGroup section */

/* Begin PBXNativeTarget section */
		4B3CB0691B0511FC00F961B3 /* MiniChallenge03 */ = {
			isa = PBXNativeTarget;
			buildConfigurationList = 4B3CB08C1B0511FC00F961B3 /* Build configuration list for PBXNativeTarget "MiniChallenge03" */;
			buildPhases = (
				4B3CB0661B0511FC00F961B3 /* Sources */,
				4B3CB0671B0511FC00F961B3 /* Frameworks */,
				4B3CB0681B0511FC00F961B3 /* Resources */,
			);
			buildRules = (
			);
			dependencies = (
			);
			name = MiniChallenge03;
			productName = MiniChallenge03;
			productReference = 4B3CB06A1B0511FC00F961B3 /* MiniChallenge03.app */;
			productType = "com.apple.product-type.application";
		};
		4B3CB0811B0511FC00F961B3 /* MiniChallenge03Tests */ = {
			isa = PBXNativeTarget;
			buildConfigurationList = 4B3CB08F1B0511FC00F961B3 /* Build configuration list for PBXNativeTarget "MiniChallenge03Tests" */;
			buildPhases = (
				4B3CB07E1B0511FC00F961B3 /* Sources */,
				4B3CB07F1B0511FC00F961B3 /* Frameworks */,
				4B3CB0801B0511FC00F961B3 /* Resources */,
			);
			buildRules = (
			);
			dependencies = (
				4B3CB0841B0511FC00F961B3 /* PBXTargetDependency */,
			);
			name = MiniChallenge03Tests;
			productName = MiniChallenge03Tests;
			productReference = 4B3CB0821B0511FC00F961B3 /* MiniChallenge03Tests.xctest */;
			productType = "com.apple.product-type.bundle.unit-test";
		};
/* End PBXNativeTarget section */

/* Begin PBXProject section */
		4B3CB0621B0511FC00F961B3 /* Project object */ = {
			isa = PBXProject;
			attributes = {
				LastSwiftUpdateCheck = 0720;
				LastUpgradeCheck = 0720;
				ORGANIZATIONNAME = "Mariana Medeiro";
				TargetAttributes = {
					4B3CB0691B0511FC00F961B3 = {
						CreatedOnToolsVersion = 6.3.1;
						DevelopmentTeam = 9P64YE968V;
					};
					4B3CB0811B0511FC00F961B3 = {
						CreatedOnToolsVersion = 6.3.1;
						TestTargetID = 4B3CB0691B0511FC00F961B3;
					};
				};
			};
			buildConfigurationList = 4B3CB0651B0511FC00F961B3 /* Build configuration list for PBXProject "MiniChallenge03" */;
			compatibilityVersion = "Xcode 3.2";
			developmentRegion = English;
			hasScannedForEncodings = 0;
			knownRegions = (
				en,
				Base,
				pt,
			);
			mainGroup = 4B3CB0611B0511FC00F961B3;
			productRefGroup = 4B3CB06B1B0511FC00F961B3 /* Products */;
			projectDirPath = "";
			projectRoot = "";
			targets = (
				4B3CB0691B0511FC00F961B3 /* MiniChallenge03 */,
				4B3CB0811B0511FC00F961B3 /* MiniChallenge03Tests */,
			);
		};
/* End PBXProject section */

/* Begin PBXResourcesBuildPhase section */
		4B3CB0681B0511FC00F961B3 /* Resources */ = {
			isa = PBXResourcesBuildPhase;
			buildActionMask = 2147483647;
			files = (
				4BD4AC991B1399B6001FF646 /* Localizable.strings in Resources */,
				4B3CB07D1B0511FC00F961B3 /* LaunchScreen.xib in Resources */,
				94F874851CB594EE000304ED /* precalculo.json in Resources */,
				4B3CB07A1B0511FC00F961B3 /* Images.xcassets in Resources */,
				940F5C811CB6D65C00D1DB8C /* derivada.json in Resources */,
				940F5C801CB6D65C00D1DB8C /* integrais.json in Resources */,
				940F5C7F1CB6D65C00D1DB8C /* tabela.json in Resources */,
				940F5C821CB6D65C00D1DB8C /* limites.json in Resources */,
				4B6B28651CB44363009F4A3A /* Main.storyboard in Resources */,
				94F874841CB594EE000304ED /* Materias.json in Resources */,
			);
			runOnlyForDeploymentPostprocessing = 0;
		};
		4B3CB0801B0511FC00F961B3 /* Resources */ = {
			isa = PBXResourcesBuildPhase;
			buildActionMask = 2147483647;
			files = (
			);
			runOnlyForDeploymentPostprocessing = 0;
		};
/* End PBXResourcesBuildPhase section */

/* Begin PBXSourcesBuildPhase section */
		4B3CB0661B0511FC00F961B3 /* Sources */ = {
			isa = PBXSourcesBuildPhase;
			buildActionMask = 2147483647;
			files = (
				E6AF6DA71B0E58A2002AC7DC /* headerReusableView.swift in Sources */,
				6EBBA5691B0E781B00357E93 /* StackedLayout.swift in Sources */,
				4B3CB0701B0511FC00F961B3 /* AppDelegate.swift in Sources */,
				6EBAB1CB1B178B4B007087AF /* CalculadoraViewController.swift in Sources */,
				6EBBA56B1B0E784700357E93 /* CartaoController.swift in Sources */,
				6EBBA5671B0E77B000357E93 /* ExposedLayout.swift in Sources */,
				E6A1DB151B0D0A9900A99CC0 /* ParallaxViewCell.swift in Sources */,
				9481ECB81CB5A4CB00AD08B1 /* CardCollectionViewCell.swift in Sources */,
				6E9FF6251B14EB1100997649 /* Card.swift in Sources */,
				E6A1DB131B0D079C00A99CC0 /* MenuCollectionView2.swift in Sources */,
				4B0CB2641B18F52A00456D94 /* DesignableViews.swift in Sources */,
				4B3CB0731B0511FC00F961B3 /* MiniChallenge03.xcdatamodeld in Sources */,
				9481ECB61CB59AF900AD08B1 /* JsonManager.swift in Sources */,
			);
			runOnlyForDeploymentPostprocessing = 0;
		};
		4B3CB07E1B0511FC00F961B3 /* Sources */ = {
			isa = PBXSourcesBuildPhase;
			buildActionMask = 2147483647;
			files = (
				4B3CB0891B0511FC00F961B3 /* MiniChallenge03Tests.swift in Sources */,
			);
			runOnlyForDeploymentPostprocessing = 0;
		};
/* End PBXSourcesBuildPhase section */

/* Begin PBXTargetDependency section */
		4B3CB0841B0511FC00F961B3 /* PBXTargetDependency */ = {
			isa = PBXTargetDependency;
			target = 4B3CB0691B0511FC00F961B3 /* MiniChallenge03 */;
			targetProxy = 4B3CB0831B0511FC00F961B3 /* PBXContainerItemProxy */;
		};
/* End PBXTargetDependency section */

/* Begin PBXVariantGroup section */
		4B3CB07B1B0511FC00F961B3 /* LaunchScreen.xib */ = {
			isa = PBXVariantGroup;
			children = (
				4B3CB07C1B0511FC00F961B3 /* Base */,
				4BD4AC981B1399AC001FF646 /* pt */,
			);
			name = LaunchScreen.xib;
			sourceTree = "<group>";
		};
		4BD4AC9B1B1399B6001FF646 /* Localizable.strings */ = {
			isa = PBXVariantGroup;
			children = (
				4BD4AC9A1B1399B6001FF646 /* pt */,
				4BD4AC9C1B1399BA001FF646 /* en */,
			);
			name = Localizable.strings;
			sourceTree = "<group>";
		};
/* End PBXVariantGroup section */

/* Begin XCBuildConfiguration section */
		4B3CB08A1B0511FC00F961B3 /* Debug */ = {
			isa = XCBuildConfiguration;
			buildSettings = {
				ALWAYS_SEARCH_USER_PATHS = NO;
				CLANG_CXX_LANGUAGE_STANDARD = "gnu++0x";
				CLANG_CXX_LIBRARY = "libc++";
				CLANG_ENABLE_MODULES = YES;
				CLANG_ENABLE_OBJC_ARC = YES;
				CLANG_WARN_BOOL_CONVERSION = YES;
				CLANG_WARN_CONSTANT_CONVERSION = YES;
				CLANG_WARN_DIRECT_OBJC_ISA_USAGE = YES_ERROR;
				CLANG_WARN_EMPTY_BODY = YES;
				CLANG_WARN_ENUM_CONVERSION = YES;
				CLANG_WARN_INT_CONVERSION = YES;
				CLANG_WARN_OBJC_ROOT_CLASS = YES_ERROR;
				CLANG_WARN_UNREACHABLE_CODE = YES;
				CLANG_WARN__DUPLICATE_METHOD_MATCH = YES;
				"CODE_SIGN_IDENTITY[sdk=iphoneos*]" = "iPhone Developer";
				COPY_PHASE_STRIP = NO;
				DEBUG_INFORMATION_FORMAT = "dwarf-with-dsym";
				ENABLE_STRICT_OBJC_MSGSEND = YES;
				ENABLE_TESTABILITY = YES;
				GCC_C_LANGUAGE_STANDARD = gnu99;
				GCC_DYNAMIC_NO_PIC = NO;
				GCC_NO_COMMON_BLOCKS = YES;
				GCC_OPTIMIZATION_LEVEL = 0;
				GCC_PREPROCESSOR_DEFINITIONS = (
					"DEBUG=1",
					"$(inherited)",
				);
				GCC_SYMBOLS_PRIVATE_EXTERN = NO;
				GCC_WARN_64_TO_32_BIT_CONVERSION = YES;
				GCC_WARN_ABOUT_RETURN_TYPE = YES_ERROR;
				GCC_WARN_UNDECLARED_SELECTOR = YES;
				GCC_WARN_UNINITIALIZED_AUTOS = YES_AGGRESSIVE;
				GCC_WARN_UNUSED_FUNCTION = YES;
				GCC_WARN_UNUSED_VARIABLE = YES;
				IPHONEOS_DEPLOYMENT_TARGET = 8.3;
				MTL_ENABLE_DEBUG_INFO = YES;
				ONLY_ACTIVE_ARCH = YES;
				SDKROOT = iphoneos;
				SWIFT_OPTIMIZATION_LEVEL = "-Onone";
			};
			name = Debug;
		};
		4B3CB08B1B0511FC00F961B3 /* Release */ = {
			isa = XCBuildConfiguration;
			buildSettings = {
				ALWAYS_SEARCH_USER_PATHS = NO;
				CLANG_CXX_LANGUAGE_STANDARD = "gnu++0x";
				CLANG_CXX_LIBRARY = "libc++";
				CLANG_ENABLE_MODULES = YES;
				CLANG_ENABLE_OBJC_ARC = YES;
				CLANG_WARN_BOOL_CONVERSION = YES;
				CLANG_WARN_CONSTANT_CONVERSION = YES;
				CLANG_WARN_DIRECT_OBJC_ISA_USAGE = YES_ERROR;
				CLANG_WARN_EMPTY_BODY = YES;
				CLANG_WARN_ENUM_CONVERSION = YES;
				CLANG_WARN_INT_CONVERSION = YES;
				CLANG_WARN_OBJC_ROOT_CLASS = YES_ERROR;
				CLANG_WARN_UNREACHABLE_CODE = YES;
				CLANG_WARN__DUPLICATE_METHOD_MATCH = YES;
				"CODE_SIGN_IDENTITY[sdk=iphoneos*]" = "iPhone Developer";
				COPY_PHASE_STRIP = NO;
				DEBUG_INFORMATION_FORMAT = "dwarf-with-dsym";
				ENABLE_NS_ASSERTIONS = NO;
				ENABLE_STRICT_OBJC_MSGSEND = YES;
				GCC_C_LANGUAGE_STANDARD = gnu99;
				GCC_NO_COMMON_BLOCKS = YES;
				GCC_WARN_64_TO_32_BIT_CONVERSION = YES;
				GCC_WARN_ABOUT_RETURN_TYPE = YES_ERROR;
				GCC_WARN_UNDECLARED_SELECTOR = YES;
				GCC_WARN_UNINITIALIZED_AUTOS = YES_AGGRESSIVE;
				GCC_WARN_UNUSED_FUNCTION = YES;
				GCC_WARN_UNUSED_VARIABLE = YES;
				IPHONEOS_DEPLOYMENT_TARGET = 8.3;
				MTL_ENABLE_DEBUG_INFO = NO;
				SDKROOT = iphoneos;
				VALIDATE_PRODUCT = YES;
			};
			name = Release;
		};
		4B3CB08D1B0511FC00F961B3 /* Debug */ = {
			isa = XCBuildConfiguration;
			buildSettings = {
				ASSETCATALOG_COMPILER_APPICON_NAME = AppIcon;
				CODE_SIGN_IDENTITY = "iPhone Developer";
				"CODE_SIGN_IDENTITY[sdk=iphoneos*]" = "iPhone Developer";
				INFOPLIST_FILE = MiniChallenge03/Info.plist;
				IPHONEOS_DEPLOYMENT_TARGET = 9.3;
				LD_RUNPATH_SEARCH_PATHS = "$(inherited) @executable_path/Frameworks";
				PRODUCT_BUNDLE_IDENTIFIER = "Bepid.$(PRODUCT_NAME:rfc1034identifier)";
				PRODUCT_NAME = "$(TARGET_NAME)";
				PROVISIONING_PROFILE = "";
				TARGETED_DEVICE_FAMILY = "1,2";
			};
			name = Debug;
		};
		4B3CB08E1B0511FC00F961B3 /* Release */ = {
			isa = XCBuildConfiguration;
			buildSettings = {
				ASSETCATALOG_COMPILER_APPICON_NAME = AppIcon;
				CODE_SIGN_IDENTITY = "iPhone Developer";
				"CODE_SIGN_IDENTITY[sdk=iphoneos*]" = "iPhone Developer";
				INFOPLIST_FILE = MiniChallenge03/Info.plist;
				IPHONEOS_DEPLOYMENT_TARGET = 9.3;
				LD_RUNPATH_SEARCH_PATHS = "$(inherited) @executable_path/Frameworks";
				PRODUCT_BUNDLE_IDENTIFIER = "Bepid.$(PRODUCT_NAME:rfc1034identifier)";
				PRODUCT_NAME = "$(TARGET_NAME)";
				PROVISIONING_PROFILE = "";
				TARGETED_DEVICE_FAMILY = "1,2";
			};
			name = Release;
		};
		4B3CB0901B0511FC00F961B3 /* Debug */ = {
			isa = XCBuildConfiguration;
			buildSettings = {
				BUNDLE_LOADER = "$(TEST_HOST)";
				FRAMEWORK_SEARCH_PATHS = (
					"$(SDKROOT)/Developer/Library/Frameworks",
					"$(inherited)",
				);
				GCC_PREPROCESSOR_DEFINITIONS = (
					"DEBUG=1",
					"$(inherited)",
				);
				INFOPLIST_FILE = MiniChallenge03Tests/Info.plist;
				LD_RUNPATH_SEARCH_PATHS = "$(inherited) @executable_path/Frameworks @loader_path/Frameworks";
				PRODUCT_BUNDLE_IDENTIFIER = "Bepid.$(PRODUCT_NAME:rfc1034identifier)";
				PRODUCT_NAME = "$(TARGET_NAME)";
				TEST_HOST = "$(BUILT_PRODUCTS_DIR)/MiniChallenge03.app/MiniChallenge03";
			};
			name = Debug;
		};
		4B3CB0911B0511FC00F961B3 /* Release */ = {
			isa = XCBuildConfiguration;
			buildSettings = {
				BUNDLE_LOADER = "$(TEST_HOST)";
				FRAMEWORK_SEARCH_PATHS = (
					"$(SDKROOT)/Developer/Library/Frameworks",
					"$(inherited)",
				);
				INFOPLIST_FILE = MiniChallenge03Tests/Info.plist;
				LD_RUNPATH_SEARCH_PATHS = "$(inherited) @executable_path/Frameworks @loader_path/Frameworks";
				PRODUCT_BUNDLE_IDENTIFIER = "Bepid.$(PRODUCT_NAME:rfc1034identifier)";
				PRODUCT_NAME = "$(TARGET_NAME)";
				TEST_HOST = "$(BUILT_PRODUCTS_DIR)/MiniChallenge03.app/MiniChallenge03";
			};
			name = Release;
		};
/* End XCBuildConfiguration section */

/* Begin XCConfigurationList section */
		4B3CB0651B0511FC00F961B3 /* Build configuration list for PBXProject "MiniChallenge03" */ = {
			isa = XCConfigurationList;
			buildConfigurations = (
				4B3CB08A1B0511FC00F961B3 /* Debug */,
				4B3CB08B1B0511FC00F961B3 /* Release */,
			);
			defaultConfigurationIsVisible = 0;
			defaultConfigurationName = Release;
		};
		4B3CB08C1B0511FC00F961B3 /* Build configuration list for PBXNativeTarget "MiniChallenge03" */ = {
			isa = XCConfigurationList;
			buildConfigurations = (
				4B3CB08D1B0511FC00F961B3 /* Debug */,
				4B3CB08E1B0511FC00F961B3 /* Release */,
			);
			defaultConfigurationIsVisible = 0;
			defaultConfigurationName = Release;
		};
		4B3CB08F1B0511FC00F961B3 /* Build configuration list for PBXNativeTarget "MiniChallenge03Tests" */ = {
			isa = XCConfigurationList;
			buildConfigurations = (
				4B3CB0901B0511FC00F961B3 /* Debug */,
				4B3CB0911B0511FC00F961B3 /* Release */,
			);
			defaultConfigurationIsVisible = 0;
			defaultConfigurationName = Release;
		};
/* End XCConfigurationList section */

/* Begin XCVersionGroup section */
		4B3CB0711B0511FC00F961B3 /* MiniChallenge03.xcdatamodeld */ = {
			isa = XCVersionGroup;
			children = (
				4B3CB0721B0511FC00F961B3 /* MiniChallenge03.xcdatamodel */,
			);
			currentVersion = 4B3CB0721B0511FC00F961B3 /* MiniChallenge03.xcdatamodel */;
			path = MiniChallenge03.xcdatamodeld;
			sourceTree = "<group>";
			versionGroupType = wrapper.xcdatamodel;
		};
/* End XCVersionGroup section */
	};
	rootObject = 4B3CB0621B0511FC00F961B3 /* Project object */;
}
